
Microsoft Visual Studio Solution File, Format Version 12.00
# Visual Studio Version 17
VisualStudioVersion = 17.11.35303.130
MinimumVisualStudioVersion = 10.0.40219.1
Project("{9A19103F-16F7-4668-BE54-9A1E7A4F7556}") = "Exchange.UI", "Exchange.UI.csproj", "{CE309410-DD67-42B4-A901-1ECE0AAA1683}"
EndProject
Project("{9A19103F-16F7-4668-BE54-9A1E7A4F7556}") = "Exchange.Tests", "..\Exchange.Tests\Exchange.Tests.csproj", "{B2A363F8-A968-4BDD-B13E-799C89BE08F3}"
EndProject
Project("{FAE04EC0-301F-11D3-BF4B-00C04F79EFBC}") = "Exchange.Application", "..\Exchange.Services\Exchange.Application.csproj", "{BC0F0D97-0AA3-4864-8886-846E4FFF501F}"
EndProject
Project("{FAE04EC0-301F-11D3-BF4B-00C04F79EFBC}") = "Exchange.Data", "..\Exchange.Data\Exchange.Data.csproj", "{0ABC22F3-C13D-4187-A72D-781CC1869CC9}"
EndProject
Project("{FAE04EC0-301F-11D3-BF4B-00C04F79EFBC}") = "Exchange.Common", "..\Exchange.Common\Exchange.Common.csproj", "{C1384140-90BA-4065-87F6-3E19AB95F604}"
EndProject
Project("{9A19103F-16F7-4668-BE54-9A1E7A4F7556}") = "Exchange.Core", "..\Exchange.Core\Exchange.Core.csproj", "{E8D864CA-8FE9-455B-AB95-12BD3C20891C}"
EndProject
Global
	GlobalSection(SolutionConfigurationPlatforms) = preSolution
		Debug|Any CPU = Debug|Any CPU
		Release|Any CPU = Release|Any CPU
	EndGlobalSection
	GlobalSection(ProjectConfigurationPlatforms) = postSolution
		{CE309410-DD67-42B4-A901-1ECE0AAA1683}.Debug|Any CPU.ActiveCfg = Debug|Any CPU
		{CE309410-DD67-42B4-A901-1ECE0AAA1683}.Debug|Any CPU.Build.0 = Debug|Any CPU
		{CE309410-DD67-42B4-A901-1ECE0AAA1683}.Release|Any CPU.ActiveCfg = Release|Any CPU
		{CE309410-DD67-42B4-A901-1ECE0AAA1683}.Release|Any CPU.Build.0 = Release|Any CPU
		{B2A363F8-A968-4BDD-B13E-799C89BE08F3}.Debug|Any CPU.ActiveCfg = Debug|Any CPU
		{B2A363F8-A968-4BDD-B13E-799C89BE08F3}.Debug|Any CPU.Build.0 = Debug|Any CPU
		{B2A363F8-A968-4BDD-B13E-799C89BE08F3}.Release|Any CPU.ActiveCfg = Release|Any CPU
		{B2A363F8-A968-4BDD-B13E-799C89BE08F3}.Release|Any CPU.Build.0 = Release|Any CPU
		{BC0F0D97-0AA3-4864-8886-846E4FFF501F}.Debug|Any CPU.ActiveCfg = Debug|Any CPU
		{BC0F0D97-0AA3-4864-8886-846E4FFF501F}.Debug|Any CPU.Build.0 = Debug|Any CPU
		{BC0F0D97-0AA3-4864-8886-846E4FFF501F}.Release|Any CPU.ActiveCfg = Release|Any CPU
		{BC0F0D97-0AA3-4864-8886-846E4FFF501F}.Release|Any CPU.Build.0 = Release|Any CPU
		{0ABC22F3-C13D-4187-A72D-781CC1869CC9}.Debug|Any CPU.ActiveCfg = Debug|Any CPU
		{0ABC22F3-C13D-4187-A72D-781CC1869CC9}.Debug|Any CPU.Build.0 = Debug|Any CPU
		{0ABC22F3-C13D-4187-A72D-781CC1869CC9}.Release|Any CPU.ActiveCfg = Release|Any CPU
		{0ABC22F3-C13D-4187-A72D-781CC1869CC9}.Release|Any CPU.Build.0 = Release|Any CPU
		{C1384140-90BA-4065-87F6-3E19AB95F604}.Debug|Any CPU.ActiveCfg = Debug|Any CPU
		{C1384140-90BA-4065-87F6-3E19AB95F604}.Debug|Any CPU.Build.0 = Debug|Any CPU
		{C1384140-90BA-4065-87F6-3E19AB95F604}.Release|Any CPU.ActiveCfg = Release|Any CPU
		{C1384140-90BA-4065-87F6-3E19AB95F604}.Release|Any CPU.Build.0 = Release|Any CPU
		{E8D864CA-8FE9-455B-AB95-12BD3C20891C}.Debug|Any CPU.ActiveCfg = Debug|Any CPU
		{E8D864CA-8FE9-455B-AB95-12BD3C20891C}.Debug|Any CPU.Build.0 = Debug|Any CPU
		{E8D864CA-8FE9-455B-AB95-12BD3C20891C}.Release|Any CPU.ActiveCfg = Release|Any CPU
		{E8D864CA-8FE9-455B-AB95-12BD3C20891C}.Release|Any CPU.Build.0 = Release|Any CPU
	EndGlobalSection
	GlobalSection(SolutionProperties) = preSolution
		HideSolutionNode = FALSE
	EndGlobalSection
	GlobalSection(ExtensibilityGlobals) = postSolution
		SolutionGuid = {51CB21DD-B62E-4131-8904-DF3F345CAC95}
	EndGlobalSection
EndGlobal
