
Microsoft Visual Studio Solution File, Format Version 12.00
# Visual Studio Version 17
VisualStudioVersion = 17.11.35303.130
MinimumVisualStudioVersion = 10.0.40219.1
Project("{2150E333-8FDC-42A3-9474-1A3956D46DE8}") = "src", "src", "{93305D01-7365-438B-AA11-65CF1C9A37DE}"
EndProject
Project("{9A19103F-16F7-4668-BE54-9A1E7A4F7556}") = "Exchange.Common", "Exchange.Common\Exchange.Common.csproj", "{CC676A72-B3B3-4506-AA6A-D9A31F1A9A1A}"
EndProject
Project("{9A19103F-16F7-4668-BE54-9A1E7A4F7556}") = "Exchange.UI", "Exchange.UI\Exchange.UI.csproj", "{196BA395-65E1-4985-857A-65E78AF9DB05}"
EndProject
Project("{9A19103F-16F7-4668-BE54-9A1E7A4F7556}") = "Exchange.Tests", "Exchange.Tests\Exchange.Tests.csproj", "{2A6976E9-41EE-44B7-96A2-1BCE9922AEB2}"
EndProject
Project("{9A19103F-16F7-4668-BE54-9A1E7A4F7556}") = "Exchange.Core", "Exchange.Core\Exchange.Core.csproj", "{F72B0D6E-C846-40D1-AA5E-989AE4882A88}"
EndProject
Project("{9A19103F-16F7-4668-BE54-9A1E7A4F7556}") = "Exchange.Data", "Exchange.Data\Exchange.Data.csproj", "{6BBE461B-52AD-4149-9478-EA0C5677C976}"
EndProject
Project("{9A19103F-16F7-4668-BE54-9A1E7A4F7556}") = "Exchange.Application", "Exchange.Services\Exchange.Application.csproj", "{A459D5A0-E46A-4242-9F00-9BAB3F554A1A}"
EndProject
Global
	GlobalSection(SolutionConfigurationPlatforms) = preSolution
		Debug|Any CPU = Debug|Any CPU
		Release|Any CPU = Release|Any CPU
	EndGlobalSection
	GlobalSection(ProjectConfigurationPlatforms) = postSolution
		{CC676A72-B3B3-4506-AA6A-D9A31F1A9A1A}.Debug|Any CPU.ActiveCfg = Debug|Any CPU
		{CC676A72-B3B3-4506-AA6A-D9A31F1A9A1A}.Debug|Any CPU.Build.0 = Debug|Any CPU
		{CC676A72-B3B3-4506-AA6A-D9A31F1A9A1A}.Release|Any CPU.ActiveCfg = Release|Any CPU
		{CC676A72-B3B3-4506-AA6A-D9A31F1A9A1A}.Release|Any CPU.Build.0 = Release|Any CPU
		{196BA395-65E1-4985-857A-65E78AF9DB05}.Debug|Any CPU.ActiveCfg = Debug|Any CPU
		{196BA395-65E1-4985-857A-65E78AF9DB05}.Debug|Any CPU.Build.0 = Debug|Any CPU
		{196BA395-65E1-4985-857A-65E78AF9DB05}.Release|Any CPU.ActiveCfg = Release|Any CPU
		{196BA395-65E1-4985-857A-65E78AF9DB05}.Release|Any CPU.Build.0 = Release|Any CPU
		{2A6976E9-41EE-44B7-96A2-1BCE9922AEB2}.Debug|Any CPU.ActiveCfg = Debug|Any CPU
		{2A6976E9-41EE-44B7-96A2-1BCE9922AEB2}.Debug|Any CPU.Build.0 = Debug|Any CPU
		{2A6976E9-41EE-44B7-96A2-1BCE9922AEB2}.Release|Any CPU.ActiveCfg = Release|Any CPU
		{2A6976E9-41EE-44B7-96A2-1BCE9922AEB2}.Release|Any CPU.Build.0 = Release|Any CPU
		{F72B0D6E-C846-40D1-AA5E-989AE4882A88}.Debug|Any CPU.ActiveCfg = Debug|Any CPU
		{F72B0D6E-C846-40D1-AA5E-989AE4882A88}.Debug|Any CPU.Build.0 = Debug|Any CPU
		{F72B0D6E-C846-40D1-AA5E-989AE4882A88}.Release|Any CPU.ActiveCfg = Release|Any CPU
		{F72B0D6E-C846-40D1-AA5E-989AE4882A88}.Release|Any CPU.Build.0 = Release|Any CPU
		{6BBE461B-52AD-4149-9478-EA0C5677C976}.Debug|Any CPU.ActiveCfg = Debug|Any CPU
		{6BBE461B-52AD-4149-9478-EA0C5677C976}.Debug|Any CPU.Build.0 = Debug|Any CPU
		{6BBE461B-52AD-4149-9478-EA0C5677C976}.Release|Any CPU.ActiveCfg = Release|Any CPU
		{6BBE461B-52AD-4149-9478-EA0C5677C976}.Release|Any CPU.Build.0 = Release|Any CPU
		{A459D5A0-E46A-4242-9F00-9BAB3F554A1A}.Debug|Any CPU.ActiveCfg = Debug|Any CPU
		{A459D5A0-E46A-4242-9F00-9BAB3F554A1A}.Debug|Any CPU.Build.0 = Debug|Any CPU
		{A459D5A0-E46A-4242-9F00-9BAB3F554A1A}.Release|Any CPU.ActiveCfg = Release|Any CPU
		{A459D5A0-E46A-4242-9F00-9BAB3F554A1A}.Release|Any CPU.Build.0 = Release|Any CPU
	EndGlobalSection
	GlobalSection(SolutionProperties) = preSolution
		HideSolutionNode = FALSE
	EndGlobalSection
	GlobalSection(NestedProjects) = preSolution
		{CC676A72-B3B3-4506-AA6A-D9A31F1A9A1A} = {93305D01-7365-438B-AA11-65CF1C9A37DE}
		{196BA395-65E1-4985-857A-65E78AF9DB05} = {93305D01-7365-438B-AA11-65CF1C9A37DE}
		{2A6976E9-41EE-44B7-96A2-1BCE9922AEB2} = {93305D01-7365-438B-AA11-65CF1C9A37DE}
		{F72B0D6E-C846-40D1-AA5E-989AE4882A88} = {93305D01-7365-438B-AA11-65CF1C9A37DE}
		{6BBE461B-52AD-4149-9478-EA0C5677C976} = {93305D01-7365-438B-AA11-65CF1C9A37DE}
		{A459D5A0-E46A-4242-9F00-9BAB3F554A1A} = {93305D01-7365-438B-AA11-65CF1C9A37DE}
	EndGlobalSection
	GlobalSection(ExtensibilityGlobals) = postSolution
		SolutionGuid = {51CB21DD-B62E-4131-8904-DF3F345CAC95}
	EndGlobalSection
EndGlobal
